# THIS IS AN AUTOGENERATED FILE. DO NOT EDIT THIS FILE DIRECTLY.
# yarn lockfile v1


"@bufbuild/protobuf@^1.10.0", "@bufbuild/protobuf@^1.7.2":
  version "1.10.1"
  resolved "https://registry.yarnpkg.com/@bufbuild/protobuf/-/protobuf-1.10.1.tgz#1d76d15290c0212076c15ede94d15157ba0c6344"
  integrity sha512-wJ8ReQbHxsAfXhrf9ixl0aYbZorRuOWpBNzm8pL8ftmSxQx/wnJD5Eg861NwJU/czy2VXFIebCeZnZrI9rktIQ==

"@livekit/protocol@^1.38.0":
  version "1.39.2"
  resolved "https://registry.yarnpkg.com/@livekit/protocol/-/protocol-1.39.2.tgz#f2b6f29845a556bd1b04bdc287fe335153d4d245"
  integrity sha512-kYbIO/JlC6cylSxd4WJrBps9+zoZ9gifL7t3iW9whT8rbo5jHx03I4dwBLhzOonVyX+memSEO90m/ymNoT+aAw==
  dependencies:
    "@bufbuild/protobuf" "^1.10.0"

camelcase-keys@^9.0.0:
  version "9.1.3"
  resolved "https://registry.yarnpkg.com/camelcase-keys/-/camelcase-keys-9.1.3.tgz#6367b2f9ec5724af541f58f0dcfee9b200022e5c"
  integrity sha512-Rircqi9ch8AnZscQcsA1C47NFdaO3wukpmIRzYcDOrmvgt78hM/sj5pZhZNec2NM12uk5vTwRHZ4anGcrC4ZTg==
  dependencies:
    camelcase "^8.0.0"
    map-obj "5.0.0"
    quick-lru "^6.1.1"
    type-fest "^4.3.2"

camelcase@^8.0.0:
  version "8.0.0"
  resolved "https://registry.yarnpkg.com/camelcase/-/camelcase-8.0.0.tgz#c0d36d418753fb6ad9c5e0437579745c1c14a534"
  integrity sha512-8WB3Jcas3swSvjIeA2yvCJ+Miyz5l1ZmB6HFb9R1317dt9LCQoswg/BGrmAmkWVEszSrrg4RwmO46qIm2OEnSA==

jose@^5.1.2:
  version "5.10.0"
  resolved "https://registry.yarnpkg.com/jose/-/jose-5.10.0.tgz#c37346a099d6467c401351a9a0c2161e0f52c4be"
  integrity sha512-s+3Al/p9g32Iq+oqXxkW//7jk2Vig6FF1CFqzVXoTUXt2qz89YWbL+OwS17NFYEvxC35n0FKeGO2LGYSxeM2Gg==

livekit-server-sdk@^2.13.0:
  version "2.13.0"
  resolved "https://registry.yarnpkg.com/livekit-server-sdk/-/livekit-server-sdk-2.13.0.tgz#ba548f8027fd89207de042501708349ddf429766"
  integrity sha512-fQJI/zEJRPeXKdKMkEfJNYSSnvmuPQsk2Q+X6tPfUrJPy7fnyYPax/icf/CZ8EYZQBhFgSD7WaKOYGSSfGSyZw==
  dependencies:
    "@bufbuild/protobuf" "^1.7.2"
    "@livekit/protocol" "^1.38.0"
    camelcase-keys "^9.0.0"
    jose "^5.1.2"

map-obj@5.0.0:
  version "5.0.0"
  resolved "https://registry.yarnpkg.com/map-obj/-/map-obj-5.0.0.tgz#126c98596b63927d7360f287cccc67177aa1938b"
  integrity sha512-2L3MIgJynYrZ3TYMriLDLWocz15okFakV6J12HXvMXDHui2x/zgChzg1u9mFFGbbGWE+GsLpQByt4POb9Or+uA==

quick-lru@^6.1.1:
  version "6.1.2"
  resolved "https://registry.yarnpkg.com/quick-lru/-/quick-lru-6.1.2.tgz#e9a90524108629be35287d0b864e7ad6ceb3659e"
  integrity sha512-AAFUA5O1d83pIHEhJwWCq/RQcRukCkn/NSm2QsTEMle5f2hP0ChI2+3Xb051PZCkLryI/Ir1MVKviT2FIloaTQ==

type-fest@^4.3.2:
  version "4.41.0"
  resolved "https://registry.yarnpkg.com/type-fest/-/type-fest-4.41.0.tgz#6ae1c8e5731273c2bf1f58ad39cbae2c91a46c58"
  integrity sha512-TeTSQ6H5YHvpqVwBRcnLDCBnDOHWYu7IvGbHT6N8AOymcr9PJGjc1GTtiWZTYg0NCgYwvnYWEkVChQAr9bjfwA==
